
Microsoft Visual Studio Solution File, Format Version 12.00
# Visual Studio Version 16
VisualStudioVersion = 16.0.810.14
MinimumVisualStudioVersion = 10.0.40219.1
Project("{FAE04EC0-301F-11D3-BF4B-00C04F79EFBC}") = "OOPASU.Api", "OOPASU.Api\OOPASU.Api.csproj", "{3A68ECA2-F370-43D7-ABD5-CCC192CA616A}"
EndProject
Project("{FAE04EC0-301F-11D3-BF4B-00C04F79EFBC}") = "OOPASU.Domain", "OOPASU.Domain\OOPASU.Domain.csproj", "{C5B1C3E1-DE05-47FC-A361-03DB5A6BDFB9}"
EndProject
Project("{FAE04EC0-301F-11D3-BF4B-00C04F79EFBC}") = "OOPASU.Infrastucture", "OOPASU.Infrastucture\OOPASU.Infrastucture.csproj", "{465DC957-8986-4922-8449-8C2921FDCAA2}"
EndProject
Global
	GlobalSection(SolutionConfigurationPlatforms) = preSolution
		Debug|Any CPU = Debug|Any CPU
		Release|Any CPU = Release|Any CPU
	EndGlobalSection
	GlobalSection(ProjectConfigurationPlatforms) = postSolution
		{3A68ECA2-F370-43D7-ABD5-CCC192CA616A}.Debug|Any CPU.ActiveCfg = Debug|Any CPU
		{3A68ECA2-F370-43D7-ABD5-CCC192CA616A}.Debug|Any CPU.Build.0 = Debug|Any CPU
		{3A68ECA2-F370-43D7-ABD5-CCC192CA616A}.Release|Any CPU.ActiveCfg = Release|Any CPU
		{3A68ECA2-F370-43D7-ABD5-CCC192CA616A}.Release|Any CPU.Build.0 = Release|Any CPU
		{C5B1C3E1-DE05-47FC-A361-03DB5A6BDFB9}.Debug|Any CPU.ActiveCfg = Debug|Any CPU
		{C5B1C3E1-DE05-47FC-A361-03DB5A6BDFB9}.Debug|Any CPU.Build.0 = Debug|Any CPU
		{C5B1C3E1-DE05-47FC-A361-03DB5A6BDFB9}.Release|Any CPU.ActiveCfg = Release|Any CPU
		{C5B1C3E1-DE05-47FC-A361-03DB5A6BDFB9}.Release|Any CPU.Build.0 = Release|Any CPU
		{465DC957-8986-4922-8449-8C2921FDCAA2}.Debug|Any CPU.ActiveCfg = Debug|Any CPU
		{465DC957-8986-4922-8449-8C2921FDCAA2}.Debug|Any CPU.Build.0 = Debug|Any CPU
		{465DC957-8986-4922-8449-8C2921FDCAA2}.Release|Any CPU.ActiveCfg = Release|Any CPU
		{465DC957-8986-4922-8449-8C2921FDCAA2}.Release|Any CPU.Build.0 = Release|Any CPU
	EndGlobalSection
	GlobalSection(SolutionProperties) = preSolution
		HideSolutionNode = FALSE
	EndGlobalSection
	GlobalSection(ExtensibilityGlobals) = postSolution
		SolutionGuid = {1C180B73-A2A3-4254-B05C-2BCDB7F0F83B}
	EndGlobalSection
EndGlobal
